
Microsoft Visual Studio Solution File, Format Version 12.00
# Visual Studio Version 17
VisualStudioVersion = 17.6.33829.357
MinimumVisualStudioVersion = 10.0.40219.1
Project("{FAE04EC0-301F-11D3-BF4B-00C04F79EFBC}") = "TodoAPI", "TodoAPI.csproj", "{72FDC22E-A0DC-4D3F-9CE6-3089712B6F1D}"
EndProject
Global
	GlobalSection(SolutionConfigurationPlatforms) = preSolution
		Debug|Any CPU = Debug|Any CPU
		Release|Any CPU = Release|Any CPU
	EndGlobalSection
	GlobalSection(ProjectConfigurationPlatforms) = postSolution
		{72FDC22E-A0DC-4D3F-9CE6-3089712B6F1D}.Debug|Any CPU.ActiveCfg = Debug|Any CPU
		{72FDC22E-A0DC-4D3F-9CE6-3089712B6F1D}.Debug|Any CPU.Build.0 = Debug|Any CPU
		{72FDC22E-A0DC-4D3F-9CE6-3089712B6F1D}.Release|Any CPU.ActiveCfg = Release|Any CPU
		{72FDC22E-A0DC-4D3F-9CE6-3089712B6F1D}.Release|Any CPU.Build.0 = Release|Any CPU
	EndGlobalSection
	GlobalSection(SolutionProperties) = preSolution
		HideSolutionNode = FALSE
	EndGlobalSection
	GlobalSection(ExtensibilityGlobals) = postSolution
		SolutionGuid = {48F8663E-BB83-46DF-9671-BB14F70E8BE1}
	EndGlobalSection
EndGlobal
